// !$*UTF8*$!
{
	archiveVersion = 1;
	classes = {
	};
	objectVersion = 46;
	objects = {

/* Begin PBXBuildFile section */
		5D2EF31D14D872F900258283 /* LOLtranslator.1 in CopyFiles */ = {isa = PBXBuildFile; fileRef = 5D2EF31C14D872F900258283 /* LOLtranslator.1 */; };
		5D2EF32B14D8735D00258283 /* functions.cpp in Sources */ = {isa = PBXBuildFile; fileRef = 5D2EF32814D8735D00258283 /* functions.cpp */; };
		5D2EF32C14D8735D00258283 /* main.cpp in Sources */ = {isa = PBXBuildFile; fileRef = 5D2EF32A14D8735D00258283 /* main.cpp */; };
/* End PBXBuildFile section */

/* Begin PBXCopyFilesBuildPhase section */
		5D2EF31414D872F900258283 /* CopyFiles */ = {
			isa = PBXCopyFilesBuildPhase;
			buildActionMask = 2147483647;
			dstPath = /usr/share/man/man1/;
			dstSubfolderSpec = 0;
			files = (
				5D2EF31D14D872F900258283 /* LOLtranslator.1 in CopyFiles */,
			);
			runOnlyForDeploymentPostprocessing = 1;
		};
/* End PBXCopyFilesBuildPhase section */

/* Begin PBXFileReference section */
		5D2EF31614D872F900258283 /* LOLtranslator */ = {isa = PBXFileReference; explicitFileType = "compiled.mach-o.executable"; includeInIndex = 0; path = LOLtranslator; sourceTree = BUILT_PRODUCTS_DIR; };
		5D2EF31C14D872F900258283 /* LOLtranslator.1 */ = {isa = PBXFileReference; lastKnownFileType = text.man; path = LOLtranslator.1; sourceTree = "<group>"; };
		5D2EF32814D8735D00258283 /* functions.cpp */ = {isa = PBXFileReference; fileEncoding = 4; lastKnownFileType = sourcecode.cpp.cpp; name = functions.cpp; path = ../functions.cpp; sourceTree = "<group>"; };
		5D2EF32914D8735D00258283 /* Header.h */ = {isa = PBXFileReference; fileEncoding = 4; lastKnownFileType = sourcecode.c.h; name = Header.h; path = ../Header.h; sourceTree = "<group>"; };
		5D2EF32A14D8735D00258283 /* main.cpp */ = {isa = PBXFileReference; fileEncoding = 4; lastKnownFileType = sourcecode.cpp.cpp; name = main.cpp; path = ../main.cpp; sourceTree = "<group>"; };
/* End PBXFileReference section */

/* Begin PBXFrameworksBuildPhase section */
		5D2EF31314D872F900258283 /* Frameworks */ = {
			isa = PBXFrameworksBuildPhase;
			buildActionMask = 2147483647;
			files = (
			);
			runOnlyForDeploymentPostprocessing = 0;
		};
/* End PBXFrameworksBuildPhase section */

/* Begin PBXGroup section */
		5D2EF30B14D872F900258283 = {
			isa = PBXGroup;
			children = (
				5D2EF32A14D8735D00258283 /* main.cpp */,
				5D2EF32914D8735D00258283 /* Header.h */,
				5D2EF32814D8735D00258283 /* functions.cpp */,
				5D2EF31914D872F900258283 /* LOLtranslator */,
				5D2EF31714D872F900258283 /* Products */,
			);
			sourceTree = "<group>";
		};
		5D2EF31714D872F900258283 /* Products */ = {
			isa = PBXGroup;
			children = (
				5D2EF31614D872F900258283 /* LOLtranslator */,
			);
			name = Products;
			sourceTree = "<group>";
		};
		5D2EF31914D872F900258283 /* LOLtranslator */ = {
			isa = PBXGroup;
			children = (
				5D2EF31C14D872F900258283 /* LOLtranslator.1 */,
			);
			path = LOLtranslator;
			sourceTree = "<group>";
		};
/* End PBXGroup section */

/* Begin PBXNativeTarget section */
		5D2EF31514D872F900258283 /* LOLtranslator */ = {
			isa = PBXNativeTarget;
			buildConfigurationList = 5D2EF32014D872F900258283 /* Build configuration list for PBXNativeTarget "LOLtranslator" */;
			buildPhases = (
				5D2EF31214D872F900258283 /* Sources */,
				5D2EF31314D872F900258283 /* Frameworks */,
				5D2EF31414D872F900258283 /* CopyFiles */,
			);
			buildRules = (
			);
			dependencies = (
			);
			name = LOLtranslator;
			productName = LOLtranslator;
			productReference = 5D2EF31614D872F900258283 /* LOLtranslator */;
			productType = "com.apple.product-type.tool";
		};
/* End PBXNativeTarget section */

/* Begin PBXProject section */
		5D2EF30D14D872F900258283 /* Project object */ = {
			isa = PBXProject;
			attributes = {
				LastUpgradeCheck = 0420;
				ORGANIZATIONNAME = "Dunn Produce";
			};
			buildConfigurationList = 5D2EF31014D872F900258283 /* Build configuration list for PBXProject "LOLtranslator" */;
			compatibilityVersion = "Xcode 3.2";
			developmentRegion = English;
			hasScannedForEncodings = 0;
			knownRegions = (
				en,
			);
			mainGroup = 5D2EF30B14D872F900258283;
			productRefGroup = 5D2EF31714D872F900258283 /* Products */;
			projectDirPath = "";
			projectRoot = "";
			targets = (
				5D2EF31514D872F900258283 /* LOLtranslator */,
			);
		};
/* End PBXProject section */

/* Begin PBXSourcesBuildPhase section */
		5D2EF31214D872F900258283 /* Sources */ = {
			isa = PBXSourcesBuildPhase;
			buildActionMask = 2147483647;
			files = (
				5D2EF32B14D8735D00258283 /* functions.cpp in Sources */,
				5D2EF32C14D8735D00258283 /* main.cpp in Sources */,
			);
			runOnlyForDeploymentPostprocessing = 0;
		};
/* End PBXSourcesBuildPhase section */

/* Begin XCBuildConfiguration section */
		5D2EF31E14D872F900258283 /* Debug */ = {
			isa = XCBuildConfiguration;
			buildSettings = {
				ALWAYS_SEARCH_USER_PATHS = NO;
				ARCHS = "$(ARCHS_STANDARD_64_BIT)";
				CLANG_ENABLE_OBJC_ARC = YES;
				COPY_PHASE_STRIP = NO;
				GCC_C_LANGUAGE_STANDARD = gnu99;
				GCC_DYNAMIC_NO_PIC = NO;
				GCC_ENABLE_OBJC_EXCEPTIONS = YES;
				GCC_OPTIMIZATION_LEVEL = 0;
				GCC_PREPROCESSOR_DEFINITIONS = (
					"DEBUG=1",
					"$(inherited)",
				);
				GCC_SYMBOLS_PRIVATE_EXTERN = NO;
				GCC_VERSION = com.apple.compilers.llvm.clang.1_0;
				GCC_WARN_64_TO_32_BIT_CONVERSION = YES;
				GCC_WARN_ABOUT_MISSING_PROTOTYPES = YES;
				GCC_WARN_ABOUT_RETURN_TYPE = YES;
				GCC_WARN_UNUSED_VARIABLE = YES;
				MACOSX_DEPLOYMENT_TARGET = 10.7;
				ONLY_ACTIVE_ARCH = YES;
				SDKROOT = macosx;
			};
			name = Debug;
		};
		5D2EF31F14D872F900258283 /* Release */ = {
			isa = XCBuildConfiguration;
			buildSettings = {
				ALWAYS_SEARCH_USER_PATHS = NO;
				ARCHS = "$(ARCHS_STANDARD_64_BIT)";
				CLANG_ENABLE_OBJC_ARC = YES;
				COPY_PHASE_STRIP = YES;
				DEBUG_INFORMATION_FORMAT = "dwarf-with-dsym";
				GCC_C_LANGUAGE_STANDARD = gnu99;
				GCC_ENABLE_OBJC_EXCEPTIONS = YES;
				GCC_VERSION = com.apple.compilers.llvm.clang.1_0;
				GCC_WARN_64_TO_32_BIT_CONVERSION = YES;
				GCC_WARN_ABOUT_MISSING_PROTOTYPES = YES;
				GCC_WARN_ABOUT_RETURN_TYPE = YES;
				GCC_WARN_UNUSED_VARIABLE = YES;
				MACOSX_DEPLOYMENT_TARGET = 10.7;
				SDKROOT = macosx;
			};
			name = Release;
		};
		5D2EF32114D872F900258283 /* Debug */ = {
			isa = XCBuildConfiguration;
			buildSettings = {
				PRODUCT_NAME = "$(TARGET_NAME)";
			};
			name = Debug;
		};
		5D2EF32214D872F900258283 /* Release */ = {
			isa = XCBuildConfiguration;
			buildSettings = {
				PRODUCT_NAME = "$(TARGET_NAME)";
			};
			name = Release;
		};
/* End XCBuildConfiguration section */

/* Begin XCConfigurationList section */
		5D2EF31014D872F900258283 /* Build configuration list for PBXProject "LOLtranslator" */ = {
			isa = XCConfigurationList;
			buildConfigurations = (
				5D2EF31E14D872F900258283 /* Debug */,
				5D2EF31F14D872F900258283 /* Release */,
			);
			defaultConfigurationIsVisible = 0;
			defaultConfigurationName = Release;
		};
		5D2EF32014D872F900258283 /* Build configuration list for PBXNativeTarget "LOLtranslator" */ = {
			isa = XCConfigurationList;
			buildConfigurations = (
				5D2EF32114D872F900258283 /* Debug */,
				5D2EF32214D872F900258283 /* Release */,
			);
			defaultConfigurationIsVisible = 0;
			defaultConfigurationName = Release;
		};
/* End XCConfigurationList section */
	};
	rootObject = 5D2EF30D14D872F900258283 /* Project object */;
}
